
Microsoft Visual Studio Solution File, Format Version 12.00
# Visual Studio 15
VisualStudioVersion = 15.0.28307.852
MinimumVisualStudioVersion = 10.0.40219.1
Project("{FAE04EC0-301F-11D3-BF4B-00C04F79EFBC}") = "ShellPOC.Android", "ShellPOC\ShellPOC.Android\ShellPOC.Android.csproj", "{1B4BCF35-FF30-42FB-85AE-D03344A4FB08}"
EndProject
Project("{FAE04EC0-301F-11D3-BF4B-00C04F79EFBC}") = "ShellPOC.iOS", "ShellPOC\ShellPOC.iOS\ShellPOC.iOS.csproj", "{E95F429F-A9C6-4DAD-BA1F-2C5FC6D352D0}"
EndProject
Project("{FAE04EC0-301F-11D3-BF4B-00C04F79EFBC}") = "ShellPOC.UWP", "ShellPOC\ShellPOC.UWP\ShellPOC.UWP.csproj", "{61A075D2-C6B2-4458-B2F1-15C2F5D8AB50}"
EndProject
Project("{D954291E-2A0B-460D-934E-DC6B0785DB48}") = "ShellPOC", "ShellPOC\ShellPOC\ShellPOC.shproj", "{EAEE5212-CB18-4283-B24D-8A9E89E8380B}"
EndProject
Global
	GlobalSection(SharedMSBuildProjectFiles) = preSolution
		ShellPOC\ShellPOC\ShellPOC.projitems*{1b4bcf35-ff30-42fb-85ae-d03344a4fb08}*SharedItemsImports = 4
		ShellPOC\ShellPOC\ShellPOC.projitems*{61a075d2-c6b2-4458-b2f1-15c2f5d8ab50}*SharedItemsImports = 4
		ShellPOC\ShellPOC\ShellPOC.projitems*{e95f429f-a9c6-4dad-ba1f-2c5fc6d352d0}*SharedItemsImports = 4
		ShellPOC\ShellPOC\ShellPOC.projitems*{eaee5212-cb18-4283-b24d-8a9e89e8380b}*SharedItemsImports = 13
	EndGlobalSection
	GlobalSection(SolutionConfigurationPlatforms) = preSolution
		Ad-Hoc|Any CPU = Ad-Hoc|Any CPU
		Ad-Hoc|ARM = Ad-Hoc|ARM
		Ad-Hoc|iPhone = Ad-Hoc|iPhone
		Ad-Hoc|iPhoneSimulator = Ad-Hoc|iPhoneSimulator
		Ad-Hoc|x64 = Ad-Hoc|x64
		Ad-Hoc|x86 = Ad-Hoc|x86
		AppStore|Any CPU = AppStore|Any CPU
		AppStore|ARM = AppStore|ARM
		AppStore|iPhone = AppStore|iPhone
		AppStore|iPhoneSimulator = AppStore|iPhoneSimulator
		AppStore|x64 = AppStore|x64
		AppStore|x86 = AppStore|x86
		Debug|Any CPU = Debug|Any CPU
		Debug|ARM = Debug|ARM
		Debug|iPhone = Debug|iPhone
		Debug|iPhoneSimulator = Debug|iPhoneSimulator
		Debug|x64 = Debug|x64
		Debug|x86 = Debug|x86
		Release|Any CPU = Release|Any CPU
		Release|ARM = Release|ARM
		Release|iPhone = Release|iPhone
		Release|iPhoneSimulator = Release|iPhoneSimulator
		Release|x64 = Release|x64
		Release|x86 = Release|x86
	EndGlobalSection
	GlobalSection(ProjectConfigurationPlatforms) = postSolution
		{1B4BCF35-FF30-42FB-85AE-D03344A4FB08}.Ad-Hoc|Any CPU.ActiveCfg = Release|Any CPU
		{1B4BCF35-FF30-42FB-85AE-D03344A4FB08}.Ad-Hoc|Any CPU.Build.0 = Release|Any CPU
		{1B4BCF35-FF30-42FB-85AE-D03344A4FB08}.Ad-Hoc|Any CPU.Deploy.0 = Release|Any CPU
		{1B4BCF35-FF30-42FB-85AE-D03344A4FB08}.Ad-Hoc|ARM.ActiveCfg = Release|Any CPU
		{1B4BCF35-FF30-42FB-85AE-D03344A4FB08}.Ad-Hoc|ARM.Build.0 = Release|Any CPU
		{1B4BCF35-FF30-42FB-85AE-D03344A4FB08}.Ad-Hoc|ARM.Deploy.0 = Release|Any CPU
		{1B4BCF35-FF30-42FB-85AE-D03344A4FB08}.Ad-Hoc|iPhone.ActiveCfg = Release|Any CPU
		{1B4BCF35-FF30-42FB-85AE-D03344A4FB08}.Ad-Hoc|iPhone.Build.0 = Release|Any CPU
		{1B4BCF35-FF30-42FB-85AE-D03344A4FB08}.Ad-Hoc|iPhone.Deploy.0 = Release|Any CPU
		{1B4BCF35-FF30-42FB-85AE-D03344A4FB08}.Ad-Hoc|iPhoneSimulator.ActiveCfg = Release|Any CPU
		{1B4BCF35-FF30-42FB-85AE-D03344A4FB08}.Ad-Hoc|iPhoneSimulator.Build.0 = Release|Any CPU
		{1B4BCF35-FF30-42FB-85AE-D03344A4FB08}.Ad-Hoc|iPhoneSimulator.Deploy.0 = Release|Any CPU
		{1B4BCF35-FF30-42FB-85AE-D03344A4FB08}.Ad-Hoc|x64.ActiveCfg = Release|Any CPU
		{1B4BCF35-FF30-42FB-85AE-D03344A4FB08}.Ad-Hoc|x64.Build.0 = Release|Any CPU
		{1B4BCF35-FF30-42FB-85AE-D03344A4FB08}.Ad-Hoc|x64.Deploy.0 = Release|Any CPU
		{1B4BCF35-FF30-42FB-85AE-D03344A4FB08}.Ad-Hoc|x86.ActiveCfg = Release|Any CPU
		{1B4BCF35-FF30-42FB-85AE-D03344A4FB08}.Ad-Hoc|x86.Build.0 = Release|Any CPU
		{1B4BCF35-FF30-42FB-85AE-D03344A4FB08}.Ad-Hoc|x86.Deploy.0 = Release|Any CPU
		{1B4BCF35-FF30-42FB-85AE-D03344A4FB08}.AppStore|Any CPU.ActiveCfg = Release|Any CPU
		{1B4BCF35-FF30-42FB-85AE-D03344A4FB08}.AppStore|Any CPU.Build.0 = Release|Any CPU
		{1B4BCF35-FF30-42FB-85AE-D03344A4FB08}.AppStore|Any CPU.Deploy.0 = Release|Any CPU
		{1B4BCF35-FF30-42FB-85AE-D03344A4FB08}.AppStore|ARM.ActiveCfg = Release|Any CPU
		{1B4BCF35-FF30-42FB-85AE-D03344A4FB08}.AppStore|ARM.Build.0 = Release|Any CPU
		{1B4BCF35-FF30-42FB-85AE-D03344A4FB08}.AppStore|ARM.Deploy.0 = Release|Any CPU
		{1B4BCF35-FF30-42FB-85AE-D03344A4FB08}.AppStore|iPhone.ActiveCfg = Release|Any CPU
		{1B4BCF35-FF30-42FB-85AE-D03344A4FB08}.AppStore|iPhone.Build.0 = Release|Any CPU
		{1B4BCF35-FF30-42FB-85AE-D03344A4FB08}.AppStore|iPhone.Deploy.0 = Release|Any CPU
		{1B4BCF35-FF30-42FB-85AE-D03344A4FB08}.AppStore|iPhoneSimulator.ActiveCfg = Release|Any CPU
		{1B4BCF35-FF30-42FB-85AE-D03344A4FB08}.AppStore|iPhoneSimulator.Build.0 = Release|Any CPU
		{1B4BCF35-FF30-42FB-85AE-D03344A4FB08}.AppStore|iPhoneSimulator.Deploy.0 = Release|Any CPU
		{1B4BCF35-FF30-42FB-85AE-D03344A4FB08}.AppStore|x64.ActiveCfg = Release|Any CPU
		{1B4BCF35-FF30-42FB-85AE-D03344A4FB08}.AppStore|x64.Build.0 = Release|Any CPU
		{1B4BCF35-FF30-42FB-85AE-D03344A4FB08}.AppStore|x64.Deploy.0 = Release|Any CPU
		{1B4BCF35-FF30-42FB-85AE-D03344A4FB08}.AppStore|x86.ActiveCfg = Release|Any CPU
		{1B4BCF35-FF30-42FB-85AE-D03344A4FB08}.AppStore|x86.Build.0 = Release|Any CPU
		{1B4BCF35-FF30-42FB-85AE-D03344A4FB08}.AppStore|x86.Deploy.0 = Release|Any CPU
		{1B4BCF35-FF30-42FB-85AE-D03344A4FB08}.Debug|Any CPU.ActiveCfg = Debug|Any CPU
		{1B4BCF35-FF30-42FB-85AE-D03344A4FB08}.Debug|Any CPU.Build.0 = Debug|Any CPU
		{1B4BCF35-FF30-42FB-85AE-D03344A4FB08}.Debug|Any CPU.Deploy.0 = Debug|Any CPU
		{1B4BCF35-FF30-42FB-85AE-D03344A4FB08}.Debug|ARM.ActiveCfg = Debug|Any CPU
		{1B4BCF35-FF30-42FB-85AE-D03344A4FB08}.Debug|ARM.Build.0 = Debug|Any CPU
		{1B4BCF35-FF30-42FB-85AE-D03344A4FB08}.Debug|ARM.Deploy.0 = Debug|Any CPU
		{1B4BCF35-FF30-42FB-85AE-D03344A4FB08}.Debug|iPhone.ActiveCfg = Debug|Any CPU
		{1B4BCF35-FF30-42FB-85AE-D03344A4FB08}.Debug|iPhone.Build.0 = Debug|Any CPU
		{1B4BCF35-FF30-42FB-85AE-D03344A4FB08}.Debug|iPhone.Deploy.0 = Debug|Any CPU
		{1B4BCF35-FF30-42FB-85AE-D03344A4FB08}.Debug|iPhoneSimulator.ActiveCfg = Debug|Any CPU
		{1B4BCF35-FF30-42FB-85AE-D03344A4FB08}.Debug|iPhoneSimulator.Build.0 = Debug|Any CPU
		{1B4BCF35-FF30-42FB-85AE-D03344A4FB08}.Debug|iPhoneSimulator.Deploy.0 = Debug|Any CPU
		{1B4BCF35-FF30-42FB-85AE-D03344A4FB08}.Debug|x64.ActiveCfg = Debug|Any CPU
		{1B4BCF35-FF30-42FB-85AE-D03344A4FB08}.Debug|x64.Build.0 = Debug|Any CPU
		{1B4BCF35-FF30-42FB-85AE-D03344A4FB08}.Debug|x64.Deploy.0 = Debug|Any CPU
		{1B4BCF35-FF30-42FB-85AE-D03344A4FB08}.Debug|x86.ActiveCfg = Debug|Any CPU
		{1B4BCF35-FF30-42FB-85AE-D03344A4FB08}.Debug|x86.Build.0 = Debug|Any CPU
		{1B4BCF35-FF30-42FB-85AE-D03344A4FB08}.Debug|x86.Deploy.0 = Debug|Any CPU
		{1B4BCF35-FF30-42FB-85AE-D03344A4FB08}.Release|Any CPU.ActiveCfg = Release|Any CPU
		{1B4BCF35-FF30-42FB-85AE-D03344A4FB08}.Release|Any CPU.Build.0 = Release|Any CPU
		{1B4BCF35-FF30-42FB-85AE-D03344A4FB08}.Release|Any CPU.Deploy.0 = Release|Any CPU
		{1B4BCF35-FF30-42FB-85AE-D03344A4FB08}.Release|ARM.ActiveCfg = Release|Any CPU
		{1B4BCF35-FF30-42FB-85AE-D03344A4FB08}.Release|ARM.Build.0 = Release|Any CPU
		{1B4BCF35-FF30-42FB-85AE-D03344A4FB08}.Release|ARM.Deploy.0 = Release|Any CPU
		{1B4BCF35-FF30-42FB-85AE-D03344A4FB08}.Release|iPhone.ActiveCfg = Release|Any CPU
		{1B4BCF35-FF30-42FB-85AE-D03344A4FB08}.Release|iPhone.Build.0 = Release|Any CPU
		{1B4BCF35-FF30-42FB-85AE-D03344A4FB08}.Release|iPhone.Deploy.0 = Release|Any CPU
		{1B4BCF35-FF30-42FB-85AE-D03344A4FB08}.Release|iPhoneSimulator.ActiveCfg = Release|Any CPU
		{1B4BCF35-FF30-42FB-85AE-D03344A4FB08}.Release|iPhoneSimulator.Build.0 = Release|Any CPU
		{1B4BCF35-FF30-42FB-85AE-D03344A4FB08}.Release|iPhoneSimulator.Deploy.0 = Release|Any CPU
		{1B4BCF35-FF30-42FB-85AE-D03344A4FB08}.Release|x64.ActiveCfg = Release|Any CPU
		{1B4BCF35-FF30-42FB-85AE-D03344A4FB08}.Release|x64.Build.0 = Release|Any CPU
		{1B4BCF35-FF30-42FB-85AE-D03344A4FB08}.Release|x64.Deploy.0 = Release|Any CPU
		{1B4BCF35-FF30-42FB-85AE-D03344A4FB08}.Release|x86.ActiveCfg = Release|Any CPU
		{1B4BCF35-FF30-42FB-85AE-D03344A4FB08}.Release|x86.Build.0 = Release|Any CPU
		{1B4BCF35-FF30-42FB-85AE-D03344A4FB08}.Release|x86.Deploy.0 = Release|Any CPU
		{E95F429F-A9C6-4DAD-BA1F-2C5FC6D352D0}.Ad-Hoc|Any CPU.ActiveCfg = Ad-Hoc|iPhone
		{E95F429F-A9C6-4DAD-BA1F-2C5FC6D352D0}.Ad-Hoc|Any CPU.Build.0 = Ad-Hoc|iPhone
		{E95F429F-A9C6-4DAD-BA1F-2C5FC6D352D0}.Ad-Hoc|Any CPU.Deploy.0 = Ad-Hoc|iPhone
		{E95F429F-A9C6-4DAD-BA1F-2C5FC6D352D0}.Ad-Hoc|ARM.ActiveCfg = Ad-Hoc|iPhone
		{E95F429F-A9C6-4DAD-BA1F-2C5FC6D352D0}.Ad-Hoc|ARM.Build.0 = Ad-Hoc|iPhone
		{E95F429F-A9C6-4DAD-BA1F-2C5FC6D352D0}.Ad-Hoc|ARM.Deploy.0 = Ad-Hoc|iPhone
		{E95F429F-A9C6-4DAD-BA1F-2C5FC6D352D0}.Ad-Hoc|iPhone.ActiveCfg = Ad-Hoc|iPhone
		{E95F429F-A9C6-4DAD-BA1F-2C5FC6D352D0}.Ad-Hoc|iPhone.Build.0 = Ad-Hoc|iPhone
		{E95F429F-A9C6-4DAD-BA1F-2C5FC6D352D0}.Ad-Hoc|iPhone.Deploy.0 = Ad-Hoc|iPhone
		{E95F429F-A9C6-4DAD-BA1F-2C5FC6D352D0}.Ad-Hoc|iPhoneSimulator.ActiveCfg = Ad-Hoc|iPhoneSimulator
		{E95F429F-A9C6-4DAD-BA1F-2C5FC6D352D0}.Ad-Hoc|iPhoneSimulator.Build.0 = Ad-Hoc|iPhoneSimulator
		{E95F429F-A9C6-4DAD-BA1F-2C5FC6D352D0}.Ad-Hoc|iPhoneSimulator.Deploy.0 = Ad-Hoc|iPhoneSimulator
		{E95F429F-A9C6-4DAD-BA1F-2C5FC6D352D0}.Ad-Hoc|x64.ActiveCfg = Ad-Hoc|iPhone
		{E95F429F-A9C6-4DAD-BA1F-2C5FC6D352D0}.Ad-Hoc|x64.Build.0 = Ad-Hoc|iPhone
		{E95F429F-A9C6-4DAD-BA1F-2C5FC6D352D0}.Ad-Hoc|x64.Deploy.0 = Ad-Hoc|iPhone
		{E95F429F-A9C6-4DAD-BA1F-2C5FC6D352D0}.Ad-Hoc|x86.ActiveCfg = Ad-Hoc|iPhone
		{E95F429F-A9C6-4DAD-BA1F-2C5FC6D352D0}.Ad-Hoc|x86.Build.0 = Ad-Hoc|iPhone
		{E95F429F-A9C6-4DAD-BA1F-2C5FC6D352D0}.Ad-Hoc|x86.Deploy.0 = Ad-Hoc|iPhone
		{E95F429F-A9C6-4DAD-BA1F-2C5FC6D352D0}.AppStore|Any CPU.ActiveCfg = AppStore|iPhone
		{E95F429F-A9C6-4DAD-BA1F-2C5FC6D352D0}.AppStore|Any CPU.Build.0 = AppStore|iPhone
		{E95F429F-A9C6-4DAD-BA1F-2C5FC6D352D0}.AppStore|Any CPU.Deploy.0 = AppStore|iPhone
		{E95F429F-A9C6-4DAD-BA1F-2C5FC6D352D0}.AppStore|ARM.ActiveCfg = AppStore|iPhone
		{E95F429F-A9C6-4DAD-BA1F-2C5FC6D352D0}.AppStore|ARM.Build.0 = AppStore|iPhone
		{E95F429F-A9C6-4DAD-BA1F-2C5FC6D352D0}.AppStore|ARM.Deploy.0 = AppStore|iPhone
		{E95F429F-A9C6-4DAD-BA1F-2C5FC6D352D0}.AppStore|iPhone.ActiveCfg = AppStore|iPhone
		{E95F429F-A9C6-4DAD-BA1F-2C5FC6D352D0}.AppStore|iPhone.Build.0 = AppStore|iPhone
		{E95F429F-A9C6-4DAD-BA1F-2C5FC6D352D0}.AppStore|iPhone.Deploy.0 = AppStore|iPhone
		{E95F429F-A9C6-4DAD-BA1F-2C5FC6D352D0}.AppStore|iPhoneSimulator.ActiveCfg = AppStore|iPhoneSimulator
		{E95F429F-A9C6-4DAD-BA1F-2C5FC6D352D0}.AppStore|iPhoneSimulator.Build.0 = AppStore|iPhoneSimulator
		{E95F429F-A9C6-4DAD-BA1F-2C5FC6D352D0}.AppStore|iPhoneSimulator.Deploy.0 = AppStore|iPhoneSimulator
		{E95F429F-A9C6-4DAD-BA1F-2C5FC6D352D0}.AppStore|x64.ActiveCfg = AppStore|iPhone
		{E95F429F-A9C6-4DAD-BA1F-2C5FC6D352D0}.AppStore|x64.Build.0 = AppStore|iPhone
		{E95F429F-A9C6-4DAD-BA1F-2C5FC6D352D0}.AppStore|x64.Deploy.0 = AppStore|iPhone
		{E95F429F-A9C6-4DAD-BA1F-2C5FC6D352D0}.AppStore|x86.ActiveCfg = AppStore|iPhone
		{E95F429F-A9C6-4DAD-BA1F-2C5FC6D352D0}.AppStore|x86.Build.0 = AppStore|iPhone
		{E95F429F-A9C6-4DAD-BA1F-2C5FC6D352D0}.AppStore|x86.Deploy.0 = AppStore|iPhone
		{E95F429F-A9C6-4DAD-BA1F-2C5FC6D352D0}.Debug|Any CPU.ActiveCfg = Debug|iPhoneSimulator
		{E95F429F-A9C6-4DAD-BA1F-2C5FC6D352D0}.Debug|Any CPU.Build.0 = Debug|iPhoneSimulator
		{E95F429F-A9C6-4DAD-BA1F-2C5FC6D352D0}.Debug|Any CPU.Deploy.0 = Debug|iPhoneSimulator
		{E95F429F-A9C6-4DAD-BA1F-2C5FC6D352D0}.Debug|ARM.ActiveCfg = Debug|iPhone
		{E95F429F-A9C6-4DAD-BA1F-2C5FC6D352D0}.Debug|ARM.Build.0 = Debug|iPhone
		{E95F429F-A9C6-4DAD-BA1F-2C5FC6D352D0}.Debug|ARM.Deploy.0 = Debug|iPhone
		{E95F429F-A9C6-4DAD-BA1F-2C5FC6D352D0}.Debug|iPhone.ActiveCfg = Debug|iPhone
		{E95F429F-A9C6-4DAD-BA1F-2C5FC6D352D0}.Debug|iPhone.Build.0 = Debug|iPhone
		{E95F429F-A9C6-4DAD-BA1F-2C5FC6D352D0}.Debug|iPhone.Deploy.0 = Debug|iPhone
		{E95F429F-A9C6-4DAD-BA1F-2C5FC6D352D0}.Debug|iPhoneSimulator.ActiveCfg = Debug|iPhoneSimulator
		{E95F429F-A9C6-4DAD-BA1F-2C5FC6D352D0}.Debug|iPhoneSimulator.Build.0 = Debug|iPhoneSimulator
		{E95F429F-A9C6-4DAD-BA1F-2C5FC6D352D0}.Debug|iPhoneSimulator.Deploy.0 = Debug|iPhoneSimulator
		{E95F429F-A9C6-4DAD-BA1F-2C5FC6D352D0}.Debug|x64.ActiveCfg = Debug|iPhone
		{E95F429F-A9C6-4DAD-BA1F-2C5FC6D352D0}.Debug|x64.Build.0 = Debug|iPhone
		{E95F429F-A9C6-4DAD-BA1F-2C5FC6D352D0}.Debug|x64.Deploy.0 = Debug|iPhone
		{E95F429F-A9C6-4DAD-BA1F-2C5FC6D352D0}.Debug|x86.ActiveCfg = Debug|iPhone
		{E95F429F-A9C6-4DAD-BA1F-2C5FC6D352D0}.Debug|x86.Build.0 = Debug|iPhone
		{E95F429F-A9C6-4DAD-BA1F-2C5FC6D352D0}.Debug|x86.Deploy.0 = Debug|iPhone
		{E95F429F-A9C6-4DAD-BA1F-2C5FC6D352D0}.Release|Any CPU.ActiveCfg = Release|iPhone
		{E95F429F-A9C6-4DAD-BA1F-2C5FC6D352D0}.Release|Any CPU.Build.0 = Release|iPhone
		{E95F429F-A9C6-4DAD-BA1F-2C5FC6D352D0}.Release|Any CPU.Deploy.0 = Release|iPhone
		{E95F429F-A9C6-4DAD-BA1F-2C5FC6D352D0}.Release|ARM.ActiveCfg = Release|iPhone
		{E95F429F-A9C6-4DAD-BA1F-2C5FC6D352D0}.Release|ARM.Build.0 = Release|iPhone
		{E95F429F-A9C6-4DAD-BA1F-2C5FC6D352D0}.Release|ARM.Deploy.0 = Release|iPhone
		{E95F429F-A9C6-4DAD-BA1F-2C5FC6D352D0}.Release|iPhone.ActiveCfg = Release|iPhone
		{E95F429F-A9C6-4DAD-BA1F-2C5FC6D352D0}.Release|iPhone.Build.0 = Release|iPhone
		{E95F429F-A9C6-4DAD-BA1F-2C5FC6D352D0}.Release|iPhone.Deploy.0 = Release|iPhone
		{E95F429F-A9C6-4DAD-BA1F-2C5FC6D352D0}.Release|iPhoneSimulator.ActiveCfg = Release|iPhoneSimulator
		{E95F429F-A9C6-4DAD-BA1F-2C5FC6D352D0}.Release|iPhoneSimulator.Build.0 = Release|iPhoneSimulator
		{E95F429F-A9C6-4DAD-BA1F-2C5FC6D352D0}.Release|iPhoneSimulator.Deploy.0 = Release|iPhoneSimulator
		{E95F429F-A9C6-4DAD-BA1F-2C5FC6D352D0}.Release|x64.ActiveCfg = Release|iPhone
		{E95F429F-A9C6-4DAD-BA1F-2C5FC6D352D0}.Release|x64.Build.0 = Release|iPhone
		{E95F429F-A9C6-4DAD-BA1F-2C5FC6D352D0}.Release|x64.Deploy.0 = Release|iPhone
		{E95F429F-A9C6-4DAD-BA1F-2C5FC6D352D0}.Release|x86.ActiveCfg = Release|iPhone
		{E95F429F-A9C6-4DAD-BA1F-2C5FC6D352D0}.Release|x86.Build.0 = Release|iPhone
		{E95F429F-A9C6-4DAD-BA1F-2C5FC6D352D0}.Release|x86.Deploy.0 = Release|iPhone
		{61A075D2-C6B2-4458-B2F1-15C2F5D8AB50}.Ad-Hoc|Any CPU.ActiveCfg = Release|x86
		{61A075D2-C6B2-4458-B2F1-15C2F5D8AB50}.Ad-Hoc|Any CPU.Build.0 = Release|x86
		{61A075D2-C6B2-4458-B2F1-15C2F5D8AB50}.Ad-Hoc|Any CPU.Deploy.0 = Release|x86
		{61A075D2-C6B2-4458-B2F1-15C2F5D8AB50}.Ad-Hoc|ARM.ActiveCfg = Release|ARM
		{61A075D2-C6B2-4458-B2F1-15C2F5D8AB50}.Ad-Hoc|ARM.Build.0 = Release|ARM
		{61A075D2-C6B2-4458-B2F1-15C2F5D8AB50}.Ad-Hoc|ARM.Deploy.0 = Release|ARM
		{61A075D2-C6B2-4458-B2F1-15C2F5D8AB50}.Ad-Hoc|iPhone.ActiveCfg = Release|x86
		{61A075D2-C6B2-4458-B2F1-15C2F5D8AB50}.Ad-Hoc|iPhone.Build.0 = Release|x86
		{61A075D2-C6B2-4458-B2F1-15C2F5D8AB50}.Ad-Hoc|iPhone.Deploy.0 = Release|x86
		{61A075D2-C6B2-4458-B2F1-15C2F5D8AB50}.Ad-Hoc|iPhoneSimulator.ActiveCfg = Release|x86
		{61A075D2-C6B2-4458-B2F1-15C2F5D8AB50}.Ad-Hoc|iPhoneSimulator.Build.0 = Release|x86
		{61A075D2-C6B2-4458-B2F1-15C2F5D8AB50}.Ad-Hoc|iPhoneSimulator.Deploy.0 = Release|x86
		{61A075D2-C6B2-4458-B2F1-15C2F5D8AB50}.Ad-Hoc|x64.ActiveCfg = Release|x64
		{61A075D2-C6B2-4458-B2F1-15C2F5D8AB50}.Ad-Hoc|x64.Build.0 = Release|x64
		{61A075D2-C6B2-4458-B2F1-15C2F5D8AB50}.Ad-Hoc|x64.Deploy.0 = Release|x64
		{61A075D2-C6B2-4458-B2F1-15C2F5D8AB50}.Ad-Hoc|x86.ActiveCfg = Release|x86
		{61A075D2-C6B2-4458-B2F1-15C2F5D8AB50}.Ad-Hoc|x86.Build.0 = Release|x86
		{61A075D2-C6B2-4458-B2F1-15C2F5D8AB50}.Ad-Hoc|x86.Deploy.0 = Release|x86
		{61A075D2-C6B2-4458-B2F1-15C2F5D8AB50}.AppStore|Any CPU.ActiveCfg = Release|x86
		{61A075D2-C6B2-4458-B2F1-15C2F5D8AB50}.AppStore|Any CPU.Build.0 = Release|x86
		{61A075D2-C6B2-4458-B2F1-15C2F5D8AB50}.AppStore|Any CPU.Deploy.0 = Release|x86
		{61A075D2-C6B2-4458-B2F1-15C2F5D8AB50}.AppStore|ARM.ActiveCfg = Release|ARM
		{61A075D2-C6B2-4458-B2F1-15C2F5D8AB50}.AppStore|ARM.Build.0 = Release|ARM
		{61A075D2-C6B2-4458-B2F1-15C2F5D8AB50}.AppStore|ARM.Deploy.0 = Release|ARM
		{61A075D2-C6B2-4458-B2F1-15C2F5D8AB50}.AppStore|iPhone.ActiveCfg = Release|x86
		{61A075D2-C6B2-4458-B2F1-15C2F5D8AB50}.AppStore|iPhone.Build.0 = Release|x86
		{61A075D2-C6B2-4458-B2F1-15C2F5D8AB50}.AppStore|iPhone.Deploy.0 = Release|x86
		{61A075D2-C6B2-4458-B2F1-15C2F5D8AB50}.AppStore|iPhoneSimulator.ActiveCfg = Release|x86
		{61A075D2-C6B2-4458-B2F1-15C2F5D8AB50}.AppStore|iPhoneSimulator.Build.0 = Release|x86
		{61A075D2-C6B2-4458-B2F1-15C2F5D8AB50}.AppStore|iPhoneSimulator.Deploy.0 = Release|x86
		{61A075D2-C6B2-4458-B2F1-15C2F5D8AB50}.AppStore|x64.ActiveCfg = Release|x64
		{61A075D2-C6B2-4458-B2F1-15C2F5D8AB50}.AppStore|x64.Build.0 = Release|x64
		{61A075D2-C6B2-4458-B2F1-15C2F5D8AB50}.AppStore|x64.Deploy.0 = Release|x64
		{61A075D2-C6B2-4458-B2F1-15C2F5D8AB50}.AppStore|x86.ActiveCfg = Release|x86
		{61A075D2-C6B2-4458-B2F1-15C2F5D8AB50}.AppStore|x86.Build.0 = Release|x86
		{61A075D2-C6B2-4458-B2F1-15C2F5D8AB50}.AppStore|x86.Deploy.0 = Release|x86
		{61A075D2-C6B2-4458-B2F1-15C2F5D8AB50}.Debug|Any CPU.ActiveCfg = Debug|x86
		{61A075D2-C6B2-4458-B2F1-15C2F5D8AB50}.Debug|Any CPU.Build.0 = Debug|x86
		{61A075D2-C6B2-4458-B2F1-15C2F5D8AB50}.Debug|Any CPU.Deploy.0 = Debug|x86
		{61A075D2-C6B2-4458-B2F1-15C2F5D8AB50}.Debug|ARM.ActiveCfg = Debug|ARM
		{61A075D2-C6B2-4458-B2F1-15C2F5D8AB50}.Debug|ARM.Build.0 = Debug|ARM
		{61A075D2-C6B2-4458-B2F1-15C2F5D8AB50}.Debug|ARM.Deploy.0 = Debug|ARM
		{61A075D2-C6B2-4458-B2F1-15C2F5D8AB50}.Debug|iPhone.ActiveCfg = Debug|x86
		{61A075D2-C6B2-4458-B2F1-15C2F5D8AB50}.Debug|iPhone.Build.0 = Debug|x86
		{61A075D2-C6B2-4458-B2F1-15C2F5D8AB50}.Debug|iPhone.Deploy.0 = Debug|x86
		{61A075D2-C6B2-4458-B2F1-15C2F5D8AB50}.Debug|iPhoneSimulator.ActiveCfg = Debug|x86
		{61A075D2-C6B2-4458-B2F1-15C2F5D8AB50}.Debug|iPhoneSimulator.Build.0 = Debug|x86
		{61A075D2-C6B2-4458-B2F1-15C2F5D8AB50}.Debug|iPhoneSimulator.Deploy.0 = Debug|x86
		{61A075D2-C6B2-4458-B2F1-15C2F5D8AB50}.Debug|x64.ActiveCfg = Debug|x64
		{61A075D2-C6B2-4458-B2F1-15C2F5D8AB50}.Debug|x64.Build.0 = Debug|x64
		{61A075D2-C6B2-4458-B2F1-15C2F5D8AB50}.Debug|x64.Deploy.0 = Debug|x64
		{61A075D2-C6B2-4458-B2F1-15C2F5D8AB50}.Debug|x86.ActiveCfg = Debug|x86
		{61A075D2-C6B2-4458-B2F1-15C2F5D8AB50}.Debug|x86.Build.0 = Debug|x86
		{61A075D2-C6B2-4458-B2F1-15C2F5D8AB50}.Debug|x86.Deploy.0 = Debug|x86
		{61A075D2-C6B2-4458-B2F1-15C2F5D8AB50}.Release|Any CPU.ActiveCfg = Release|x86
		{61A075D2-C6B2-4458-B2F1-15C2F5D8AB50}.Release|Any CPU.Build.0 = Release|x86
		{61A075D2-C6B2-4458-B2F1-15C2F5D8AB50}.Release|Any CPU.Deploy.0 = Release|x86
		{61A075D2-C6B2-4458-B2F1-15C2F5D8AB50}.Release|ARM.ActiveCfg = Release|ARM
		{61A075D2-C6B2-4458-B2F1-15C2F5D8AB50}.Release|ARM.Build.0 = Release|ARM
		{61A075D2-C6B2-4458-B2F1-15C2F5D8AB50}.Release|ARM.Deploy.0 = Release|ARM
		{61A075D2-C6B2-4458-B2F1-15C2F5D8AB50}.Release|iPhone.ActiveCfg = Release|x86
		{61A075D2-C6B2-4458-B2F1-15C2F5D8AB50}.Release|iPhone.Build.0 = Release|x86
		{61A075D2-C6B2-4458-B2F1-15C2F5D8AB50}.Release|iPhone.Deploy.0 = Release|x86
		{61A075D2-C6B2-4458-B2F1-15C2F5D8AB50}.Release|iPhoneSimulator.ActiveCfg = Release|x86
		{61A075D2-C6B2-4458-B2F1-15C2F5D8AB50}.Release|iPhoneSimulator.Build.0 = Release|x86
		{61A075D2-C6B2-4458-B2F1-15C2F5D8AB50}.Release|iPhoneSimulator.Deploy.0 = Release|x86
		{61A075D2-C6B2-4458-B2F1-15C2F5D8AB50}.Release|x64.ActiveCfg = Release|x64
		{61A075D2-C6B2-4458-B2F1-15C2F5D8AB50}.Release|x64.Build.0 = Release|x64
		{61A075D2-C6B2-4458-B2F1-15C2F5D8AB50}.Release|x64.Deploy.0 = Release|x64
		{61A075D2-C6B2-4458-B2F1-15C2F5D8AB50}.Release|x86.ActiveCfg = Release|x86
		{61A075D2-C6B2-4458-B2F1-15C2F5D8AB50}.Release|x86.Build.0 = Release|x86
		{61A075D2-C6B2-4458-B2F1-15C2F5D8AB50}.Release|x86.Deploy.0 = Release|x86
	EndGlobalSection
	GlobalSection(SolutionProperties) = preSolution
		HideSolutionNode = FALSE
	EndGlobalSection
	GlobalSection(ExtensibilityGlobals) = postSolution
		SolutionGuid = {51369DDD-78A8-448A-889F-5383E66B2DBF}
	EndGlobalSection
EndGlobal
